
Microsoft Visual Studio Solution File, Format Version 12.00
# Visual Studio Version 17
VisualStudioVersion = 17.3.32929.385
MinimumVisualStudioVersion = 10.0.40219.1
Project("{FAE04EC0-301F-11D3-BF4B-00C04F79EFBC}") = "HEICtoJPGbyDrewnicz", "HEICtoJPGbyDrewnicz.csproj", "{00AC41EE-CDB9-4F7C-A88C-B35FE8E780BF}"
EndProject
Global
	GlobalSection(SolutionConfigurationPlatforms) = preSolution
		Debug|Any CPU = Debug|Any CPU
		Release|Any CPU = Release|Any CPU
	EndGlobalSection
	GlobalSection(ProjectConfigurationPlatforms) = postSolution
		{00AC41EE-CDB9-4F7C-A88C-B35FE8E780BF}.Debug|Any CPU.ActiveCfg = Debug|Any CPU
		{00AC41EE-CDB9-4F7C-A88C-B35FE8E780BF}.Debug|Any CPU.Build.0 = Debug|Any CPU
		{00AC41EE-CDB9-4F7C-A88C-B35FE8E780BF}.Release|Any CPU.ActiveCfg = Release|Any CPU
		{00AC41EE-CDB9-4F7C-A88C-B35FE8E780BF}.Release|Any CPU.Build.0 = Release|Any CPU
	EndGlobalSection
	GlobalSection(SolutionProperties) = preSolution
		HideSolutionNode = FALSE
	EndGlobalSection
	GlobalSection(ExtensibilityGlobals) = postSolution
		SolutionGuid = {179C4180-C2F7-41DC-9933-A1FE056641D2}
	EndGlobalSection
EndGlobal
